
Microsoft Visual Studio Solution File, Format Version 12.00
# Visual Studio Version 16
VisualStudioVersion = 16.0.31624.102
MinimumVisualStudioVersion = 10.0.40219.1
Project("{FAE04EC0-301F-11D3-BF4B-00C04F79EFBC}") = "TestEncora", "TestEncora\TestEncora.csproj", "{EF1C1D37-917E-4813-B8B4-EAF7FF8A6706}"
EndProject
Project("{FAE04EC0-301F-11D3-BF4B-00C04F79EFBC}") = "TestProjectEncora", "TestProjectEncora\TestProjectEncora.csproj", "{3C63A20B-D338-44A5-A1B2-B3AF9F2600EF}"
EndProject
Global
	GlobalSection(SolutionConfigurationPlatforms) = preSolution
		Debug|Any CPU = Debug|Any CPU
		Release|Any CPU = Release|Any CPU
	EndGlobalSection
	GlobalSection(ProjectConfigurationPlatforms) = postSolution
		{EF1C1D37-917E-4813-B8B4-EAF7FF8A6706}.Debug|Any CPU.ActiveCfg = Debug|Any CPU
		{EF1C1D37-917E-4813-B8B4-EAF7FF8A6706}.Debug|Any CPU.Build.0 = Debug|Any CPU
		{EF1C1D37-917E-4813-B8B4-EAF7FF8A6706}.Release|Any CPU.ActiveCfg = Release|Any CPU
		{EF1C1D37-917E-4813-B8B4-EAF7FF8A6706}.Release|Any CPU.Build.0 = Release|Any CPU
		{3C63A20B-D338-44A5-A1B2-B3AF9F2600EF}.Debug|Any CPU.ActiveCfg = Debug|Any CPU
		{3C63A20B-D338-44A5-A1B2-B3AF9F2600EF}.Debug|Any CPU.Build.0 = Debug|Any CPU
		{3C63A20B-D338-44A5-A1B2-B3AF9F2600EF}.Release|Any CPU.ActiveCfg = Release|Any CPU
		{3C63A20B-D338-44A5-A1B2-B3AF9F2600EF}.Release|Any CPU.Build.0 = Release|Any CPU
	EndGlobalSection
	GlobalSection(SolutionProperties) = preSolution
		HideSolutionNode = FALSE
	EndGlobalSection
	GlobalSection(ExtensibilityGlobals) = postSolution
		SolutionGuid = {39F16543-5B37-4877-B0FE-EC6AFD6AD919}
	EndGlobalSection
EndGlobal
